
Microsoft Visual Studio Solution File, Format Version 12.00
# Visual Studio Version 17
VisualStudioVersion = 17.9.34728.123
MinimumVisualStudioVersion = 10.0.40219.1
Project("{FAE04EC0-301F-11D3-BF4B-00C04F79EFBC}") = "Expense Tracker", "Expense Tracker.csproj", "{3E43A5A2-4561-4009-92AE-EC2239AFCD92}"
EndProject
Global
	GlobalSection(SolutionConfigurationPlatforms) = preSolution
		Debug|Any CPU = Debug|Any CPU
		Release|Any CPU = Release|Any CPU
	EndGlobalSection
	GlobalSection(ProjectConfigurationPlatforms) = postSolution
		{3E43A5A2-4561-4009-92AE-EC2239AFCD92}.Debug|Any CPU.ActiveCfg = Debug|Any CPU
		{3E43A5A2-4561-4009-92AE-EC2239AFCD92}.Debug|Any CPU.Build.0 = Debug|Any CPU
		{3E43A5A2-4561-4009-92AE-EC2239AFCD92}.Release|Any CPU.ActiveCfg = Release|Any CPU
		{3E43A5A2-4561-4009-92AE-EC2239AFCD92}.Release|Any CPU.Build.0 = Release|Any CPU
	EndGlobalSection
	GlobalSection(SolutionProperties) = preSolution
		HideSolutionNode = FALSE
	EndGlobalSection
	GlobalSection(ExtensibilityGlobals) = postSolution
		SolutionGuid = {99077AFB-6726-4829-BBD7-5BF79B62F331}
	EndGlobalSection
EndGlobal
